
Microsoft Visual Studio Solution File, Format Version 12.00
# Visual Studio Version 16
VisualStudioVersion = 16.0.29230.47
MinimumVisualStudioVersion = 10.0.40219.1
Project("{FAE04EC0-301F-11D3-BF4B-00C04F79EFBC}") = "ClassTest", "ClassTest\ClassTest.csproj", "{50D0F715-FE4C-4937-885D-88E08E902377}"
EndProject
Global
	GlobalSection(SolutionConfigurationPlatforms) = preSolution
		Debug|Any CPU = Debug|Any CPU
		Release|Any CPU = Release|Any CPU
	EndGlobalSection
	GlobalSection(ProjectConfigurationPlatforms) = postSolution
		{50D0F715-FE4C-4937-885D-88E08E902377}.Debug|Any CPU.ActiveCfg = Debug|Any CPU
		{50D0F715-FE4C-4937-885D-88E08E902377}.Debug|Any CPU.Build.0 = Debug|Any CPU
		{50D0F715-FE4C-4937-885D-88E08E902377}.Release|Any CPU.ActiveCfg = Release|Any CPU
		{50D0F715-FE4C-4937-885D-88E08E902377}.Release|Any CPU.Build.0 = Release|Any CPU
	EndGlobalSection
	GlobalSection(SolutionProperties) = preSolution
		HideSolutionNode = FALSE
	EndGlobalSection
	GlobalSection(ExtensibilityGlobals) = postSolution
		SolutionGuid = {8C95970F-9797-4044-AB82-4497BA00EFE2}
	EndGlobalSection
EndGlobal
